
Microsoft Visual Studio Solution File, Format Version 12.00
# Visual Studio Version 17
VisualStudioVersion = 17.8.34525.116
MinimumVisualStudioVersion = 10.0.40219.1
Project("{FAE04EC0-301F-11D3-BF4B-00C04F79EFBC}") = "RepositoryDemo", "RepositoryDemo\RepositoryDemo.csproj", "{67B27498-CE1C-40D2-B95F-79CC962779BC}"
EndProject
Global
	GlobalSection(SolutionConfigurationPlatforms) = preSolution
		Debug|Any CPU = Debug|Any CPU
		Release|Any CPU = Release|Any CPU
	EndGlobalSection
	GlobalSection(ProjectConfigurationPlatforms) = postSolution
		{67B27498-CE1C-40D2-B95F-79CC962779BC}.Debug|Any CPU.ActiveCfg = Debug|Any CPU
		{67B27498-CE1C-40D2-B95F-79CC962779BC}.Debug|Any CPU.Build.0 = Debug|Any CPU
		{67B27498-CE1C-40D2-B95F-79CC962779BC}.Release|Any CPU.ActiveCfg = Release|Any CPU
		{67B27498-CE1C-40D2-B95F-79CC962779BC}.Release|Any CPU.Build.0 = Release|Any CPU
	EndGlobalSection
	GlobalSection(SolutionProperties) = preSolution
		HideSolutionNode = FALSE
	EndGlobalSection
	GlobalSection(ExtensibilityGlobals) = postSolution
		SolutionGuid = {3ECF3764-99C5-438A-9DE5-D7DBCA704C20}
	EndGlobalSection
EndGlobal
